{
  "requires": true,
  "lockfileVersion": 1,
  "dependencies": {
    "@daonomic/interfaces": {
      "version": "0.1.9",
      "resolved": "https://registry.npmjs.org/@daonomic/interfaces/-/interfaces-0.1.9.tgz",
      "integrity": "sha512-oI9Kd2R0s4PQcoYaWhDfR1VAhJ/kk8zFY5cDIKCiBVHIJcTVLCYd7sVC1GIN6ESItb2D2Nc/PRBOGnJkfSd7QA=="
    },
    "@daonomic/regulated": {
      "version": "0.1.14",
      "resolved": "https://registry.npmjs.org/@daonomic/regulated/-/regulated-0.1.14.tgz",
      "integrity": "sha512-v2EI+l+po4qX7sozEpmsvZr+cEofS6usuDl92OozW3KY1TidWiC5fWjecR4ChEa4nKXHToQ3y/UwNx9DOo2R/g==",
      "requires": {
        "@daonomic/interfaces": "0.1.9",
        "@daonomic/tokens": "~0.1",
        "@daonomic/util": "~0.1"
      }
    },
    "@daonomic/sale": {
      "version": "0.1.37",
      "resolved": "https://registry.npmjs.org/@daonomic/sale/-/sale-0.1.37.tgz",
      "integrity": "sha512-Q0rhAK/BARsnN5oueA2DGWmhSvoQl2QG2hho0TaPB2ArvYO3KvlPARW1P04xvyzdl71ofFEfEyFG+sq3HTYymw==",
      "dev": true,
      "requires": {
        "@daonomic/interfaces": "0.1.9",
        "@daonomic/util": "~0.1"
      }
    },
    "@daonomic/tests-common": {
      "version": "0.2.0",
      "resolved": "https://registry.npmjs.org/@daonomic/tests-common/-/tests-common-0.2.0.tgz",
      "integrity": "sha512-39a3038Uxq2jDdSUTsAbJuD9F+m35PZ0R6S0iSfVZEyebCfTK36fkTaH5p+OpT7SV/eBnfJkj4opfH5H+J/9pQ==",
      "dev": true
    },
    "@daonomic/tokens": {
      "version": "0.1.15",
      "resolved": "https://registry.npmjs.org/@daonomic/tokens/-/tokens-0.1.15.tgz",
      "integrity": "sha512-zLJ069zj+P03fFoOSsQo2lcx7rSgPDg7oeL/kUs3NxLmysBoJfMUPIbbDfoP7gp2bLTr2FZ1AwedQIt5cVKUOA==",
      "requires": {
        "@daonomic/interfaces": "~0.1",
        "@daonomic/util": "~0.1"
      }
    },
    "@daonomic/util": {
      "version": "0.1.7",
      "resolved": "https://registry.npmjs.org/@daonomic/util/-/util-0.1.7.tgz",
      "integrity": "sha512-LlHcFHaT2fVJY3j0JdaHgXyOwEArUyGh0NlOexfjfsydsv0/VBNeDx8uA32jaf6O04b87gtH3q8joTEHyL2psQ=="
    }
  }
}
