{
  "requires": true,
  "lockfileVersion": 1,
  "dependencies": {
    "@daonomic/interfaces": {
      "version": "0.1.7",
      "resolved": "https://registry.npmjs.org/@daonomic/interfaces/-/interfaces-0.1.7.tgz",
      "integrity": "sha512-y9NEuk1aXXwoIVdRtYdjsGBxtqeBqn7V6tPMbxrW/0PrQU3xK0YiXqvjXHB6fu/9T//UhA8rqzqmykyR21n8Rw=="
    },
    "@daonomic/regulated": {
      "version": "0.1.2",
      "resolved": "https://registry.npmjs.org/@daonomic/regulated/-/regulated-0.1.2.tgz",
      "integrity": "sha512-Ni5fbiu5pNJe6QZVbEL6B2rEPczp2KdgSGFT9y7O+vef8YoAQWEtefxshDdf+6qDbq5h0WycNzHQzEuI3Oditw==",
      "requires": {
        "@daonomic/interfaces": "~0.1",
        "@daonomic/tokens": "0.1.12",
        "@daonomic/util": "0.1.7"
      }
    },
    "@daonomic/sale": {
      "version": "0.1.32",
      "resolved": "https://registry.npmjs.org/@daonomic/sale/-/sale-0.1.32.tgz",
      "integrity": "sha512-ULpNIVq0XRZ8K0+s0yVo0TcISOpgxLz8zTeD+/IX2LDeZ8AA0JjUXODfTIzSY8l2D8GHWAKSpV9qp2Wp/o4Dgw==",
      "dev": true,
      "requires": {
        "@daonomic/interfaces": "0.1.7",
        "@daonomic/util": "~0.1"
      }
    },
    "@daonomic/tests-common": {
      "version": "0.1.2",
      "resolved": "https://registry.npmjs.org/@daonomic/tests-common/-/tests-common-0.1.2.tgz",
      "integrity": "sha512-wyrqT97jqzQS2wOzx2KtJNysdRuFanKheNR2f/XTi/0fjBiAHiPfvZQXT3f/CJYcndVZO33GCWc/p0CZjmGnqA==",
      "dev": true
    },
    "@daonomic/tokens": {
      "version": "0.1.12",
      "resolved": "https://registry.npmjs.org/@daonomic/tokens/-/tokens-0.1.12.tgz",
      "integrity": "sha512-033Is+9dh7a/Tr5nrdo4OqfvuXAvlKdq+7Bt3ZVAPF+GIUteGSbZVL7yU5T79j7QCXOqzhzm8/sVdMZ1J66gWw==",
      "requires": {
        "@daonomic/interfaces": "0.1.7",
        "@daonomic/util": "0.1.7"
      }
    },
    "@daonomic/util": {
      "version": "0.1.7",
      "resolved": "https://registry.npmjs.org/@daonomic/util/-/util-0.1.7.tgz",
      "integrity": "sha512-LlHcFHaT2fVJY3j0JdaHgXyOwEArUyGh0NlOexfjfsydsv0/VBNeDx8uA32jaf6O04b87gtH3q8joTEHyL2psQ=="
    }
  }
}
